
Microsoft Visual Studio Solution File, Format Version 12.00
# Visual Studio Version 17
VisualStudioVersion = 17.8.34525.116
MinimumVisualStudioVersion = 10.0.40219.1
Project("{FAE04EC0-301F-11D3-BF4B-00C04F79EFBC}") = "WebApiTaskTracker.Api", "WebApiTaskTracker\WebApiTaskTracker.Api.csproj", "{4ADB55F9-5709-43AC-BF3B-B4565E9D9CA2}"
	ProjectSection(ProjectDependencies) = postProject
		{25C66396-A1DD-4AC8-A132-FD8AE0D47796} = {25C66396-A1DD-4AC8-A132-FD8AE0D47796}
		{8B82658B-38A9-4911-BE37-CB1A8C8364D8} = {8B82658B-38A9-4911-BE37-CB1A8C8364D8}
		{E4D8FAEC-33D4-4B91-8F6A-F131541C234D} = {E4D8FAEC-33D4-4B91-8F6A-F131541C234D}
	EndProjectSection
EndProject
Project("{FAE04EC0-301F-11D3-BF4B-00C04F79EFBC}") = "WebApiTaskTracker.Domain", "WebApiTaskTracker.Domain\WebApiTaskTracker.Domain.csproj", "{25C66396-A1DD-4AC8-A132-FD8AE0D47796}"
EndProject
Project("{FAE04EC0-301F-11D3-BF4B-00C04F79EFBC}") = "WebApiTaskTracker.Application", "WebApiTaskTracker.Application\WebApiTaskTracker.Application.csproj", "{8B82658B-38A9-4911-BE37-CB1A8C8364D8}"
	ProjectSection(ProjectDependencies) = postProject
		{25C66396-A1DD-4AC8-A132-FD8AE0D47796} = {25C66396-A1DD-4AC8-A132-FD8AE0D47796}
	EndProjectSection
EndProject
Project("{FAE04EC0-301F-11D3-BF4B-00C04F79EFBC}") = "WebApiTaskTracker.Infrastructure", "WebApiTaskTracker.Infrastructure\WebApiTaskTracker.Infrastructure.csproj", "{E4D8FAEC-33D4-4B91-8F6A-F131541C234D}"
	ProjectSection(ProjectDependencies) = postProject
		{25C66396-A1DD-4AC8-A132-FD8AE0D47796} = {25C66396-A1DD-4AC8-A132-FD8AE0D47796}
		{8B82658B-38A9-4911-BE37-CB1A8C8364D8} = {8B82658B-38A9-4911-BE37-CB1A8C8364D8}
	EndProjectSection
EndProject
Global
	GlobalSection(SolutionConfigurationPlatforms) = preSolution
		Debug|Any CPU = Debug|Any CPU
		Release|Any CPU = Release|Any CPU
	EndGlobalSection
	GlobalSection(ProjectConfigurationPlatforms) = postSolution
		{4ADB55F9-5709-43AC-BF3B-B4565E9D9CA2}.Debug|Any CPU.ActiveCfg = Debug|Any CPU
		{4ADB55F9-5709-43AC-BF3B-B4565E9D9CA2}.Debug|Any CPU.Build.0 = Debug|Any CPU
		{4ADB55F9-5709-43AC-BF3B-B4565E9D9CA2}.Release|Any CPU.ActiveCfg = Release|Any CPU
		{4ADB55F9-5709-43AC-BF3B-B4565E9D9CA2}.Release|Any CPU.Build.0 = Release|Any CPU
		{25C66396-A1DD-4AC8-A132-FD8AE0D47796}.Debug|Any CPU.ActiveCfg = Debug|Any CPU
		{25C66396-A1DD-4AC8-A132-FD8AE0D47796}.Debug|Any CPU.Build.0 = Debug|Any CPU
		{25C66396-A1DD-4AC8-A132-FD8AE0D47796}.Release|Any CPU.ActiveCfg = Release|Any CPU
		{25C66396-A1DD-4AC8-A132-FD8AE0D47796}.Release|Any CPU.Build.0 = Release|Any CPU
		{8B82658B-38A9-4911-BE37-CB1A8C8364D8}.Debug|Any CPU.ActiveCfg = Debug|Any CPU
		{8B82658B-38A9-4911-BE37-CB1A8C8364D8}.Debug|Any CPU.Build.0 = Debug|Any CPU
		{8B82658B-38A9-4911-BE37-CB1A8C8364D8}.Release|Any CPU.ActiveCfg = Release|Any CPU
		{8B82658B-38A9-4911-BE37-CB1A8C8364D8}.Release|Any CPU.Build.0 = Release|Any CPU
		{E4D8FAEC-33D4-4B91-8F6A-F131541C234D}.Debug|Any CPU.ActiveCfg = Debug|Any CPU
		{E4D8FAEC-33D4-4B91-8F6A-F131541C234D}.Debug|Any CPU.Build.0 = Debug|Any CPU
		{E4D8FAEC-33D4-4B91-8F6A-F131541C234D}.Release|Any CPU.ActiveCfg = Release|Any CPU
		{E4D8FAEC-33D4-4B91-8F6A-F131541C234D}.Release|Any CPU.Build.0 = Release|Any CPU
	EndGlobalSection
	GlobalSection(SolutionProperties) = preSolution
		HideSolutionNode = FALSE
	EndGlobalSection
	GlobalSection(ExtensibilityGlobals) = postSolution
		SolutionGuid = {4E5283A6-899E-4127-BB9E-1EF700827B2A}
	EndGlobalSection
EndGlobal
